
Microsoft Visual Studio Solution File, Format Version 12.00
# Visual Studio Version 17
VisualStudioVersion = 17.4.33213.308
MinimumVisualStudioVersion = 10.0.40219.1
Project("{FAE04EC0-301F-11D3-BF4B-00C04F79EFBC}") = "Catalog.Api", "Catalog.Api\Catalog.Api.csproj", "{297205E9-37AD-4802-947A-5E29889B0570}"
EndProject
Project("{FAE04EC0-301F-11D3-BF4B-00C04F79EFBC}") = "Catalog.Core", "Catalog.Core\Catalog.Core.csproj", "{A11ACC70-436A-4E17-A7F4-CDC0D80E0EA6}"
EndProject
Project("{FAE04EC0-301F-11D3-BF4B-00C04F79EFBC}") = "Catalog.Integration", "Catalog.Integration\Catalog.Integration.csproj", "{28D05625-612B-46D9-8FFA-BA5559ABA0FF}"
EndProject
Global
	GlobalSection(SolutionConfigurationPlatforms) = preSolution
		Debug|Any CPU = Debug|Any CPU
		Release|Any CPU = Release|Any CPU
	EndGlobalSection
	GlobalSection(ProjectConfigurationPlatforms) = postSolution
		{297205E9-37AD-4802-947A-5E29889B0570}.Debug|Any CPU.ActiveCfg = Debug|Any CPU
		{297205E9-37AD-4802-947A-5E29889B0570}.Debug|Any CPU.Build.0 = Debug|Any CPU
		{297205E9-37AD-4802-947A-5E29889B0570}.Release|Any CPU.ActiveCfg = Release|Any CPU
		{297205E9-37AD-4802-947A-5E29889B0570}.Release|Any CPU.Build.0 = Release|Any CPU
		{A11ACC70-436A-4E17-A7F4-CDC0D80E0EA6}.Debug|Any CPU.ActiveCfg = Debug|Any CPU
		{A11ACC70-436A-4E17-A7F4-CDC0D80E0EA6}.Debug|Any CPU.Build.0 = Debug|Any CPU
		{A11ACC70-436A-4E17-A7F4-CDC0D80E0EA6}.Release|Any CPU.ActiveCfg = Release|Any CPU
		{A11ACC70-436A-4E17-A7F4-CDC0D80E0EA6}.Release|Any CPU.Build.0 = Release|Any CPU
		{28D05625-612B-46D9-8FFA-BA5559ABA0FF}.Debug|Any CPU.ActiveCfg = Debug|Any CPU
		{28D05625-612B-46D9-8FFA-BA5559ABA0FF}.Debug|Any CPU.Build.0 = Debug|Any CPU
		{28D05625-612B-46D9-8FFA-BA5559ABA0FF}.Release|Any CPU.ActiveCfg = Release|Any CPU
		{28D05625-612B-46D9-8FFA-BA5559ABA0FF}.Release|Any CPU.Build.0 = Release|Any CPU
	EndGlobalSection
	GlobalSection(SolutionProperties) = preSolution
		HideSolutionNode = FALSE
	EndGlobalSection
	GlobalSection(ExtensibilityGlobals) = postSolution
		SolutionGuid = {57B5A416-5201-4280-AE91-480299C3CB67}
	EndGlobalSection
EndGlobal
